// !$*UTF8*$!
{
	archiveVersion = 1;
	classes = {
	};
	objectVersion = 46;
	objects = {

/* Begin PBXBuildFile section */
		4CFD6B92098AF43D734621C2 /* Pods_couponTests.framework in Frameworks */ = {isa = PBXBuildFile; fileRef = 4CE3EEDD91184EE8500F9A14 /* Pods_couponTests.framework */; };
		B0204C271DCE4549009703B2 /* AppDelegate.swift in Sources */ = {isa = PBXBuildFile; fileRef = B0204C261DCE4549009703B2 /* AppDelegate.swift */; };
		B0204C291DCE4549009703B2 /* ViewController.swift in Sources */ = {isa = PBXBuildFile; fileRef = B0204C281DCE4549009703B2 /* ViewController.swift */; };
		B0204C2C1DCE4549009703B2 /* Main.storyboard in Resources */ = {isa = PBXBuildFile; fileRef = B0204C2A1DCE4549009703B2 /* Main.storyboard */; };
		B0204C2E1DCE4549009703B2 /* Assets.xcassets in Resources */ = {isa = PBXBuildFile; fileRef = B0204C2D1DCE4549009703B2 /* Assets.xcassets */; };
		B0204C311DCE4549009703B2 /* LaunchScreen.storyboard in Resources */ = {isa = PBXBuildFile; fileRef = B0204C2F1DCE4549009703B2 /* LaunchScreen.storyboard */; };
		B0204C3C1DCE4549009703B2 /* couponTests.swift in Sources */ = {isa = PBXBuildFile; fileRef = B0204C3B1DCE4549009703B2 /* couponTests.swift */; };
		B0204C471DCE4549009703B2 /* couponUITests.swift in Sources */ = {isa = PBXBuildFile; fileRef = B0204C461DCE4549009703B2 /* couponUITests.swift */; };
		B0204C571DCE45A8009703B2 /* Podfile in Resources */ = {isa = PBXBuildFile; fileRef = B0204C561DCE45A8009703B2 /* Podfile */; };
		B0204C641DCE4EF3009703B2 /* Offer.swift in Sources */ = {isa = PBXBuildFile; fileRef = B0204C631DCE4EF3009703B2 /* Offer.swift */; };
		B0204C661DCE4F01009703B2 /* Retailer.swift in Sources */ = {isa = PBXBuildFile; fileRef = B0204C651DCE4F01009703B2 /* Retailer.swift */; };
		B0204C711DCE5583009703B2 /* Offers.json in Resources */ = {isa = PBXBuildFile; fileRef = B0204C681DCE547B009703B2 /* Offers.json */; };
		B0204C731DCE5583009703B2 /* Locations.json in Resources */ = {isa = PBXBuildFile; fileRef = B0204C6A1DCE547B009703B2 /* Locations.json */; };
		B0204C771DCE5620009703B2 /* ReadJSONHelper.swift in Sources */ = {isa = PBXBuildFile; fileRef = B0204C761DCE5620009703B2 /* ReadJSONHelper.swift */; };
		B0204C791DCE57A4009703B2 /* Retailers.json in Resources */ = {isa = PBXBuildFile; fileRef = B0204C781DCE57A4009703B2 /* Retailers.json */; };
		B0204C7D1DCE5F92009703B2 /* RetailerTranslatorHelper.swift in Sources */ = {isa = PBXBuildFile; fileRef = B0204C7C1DCE5F92009703B2 /* RetailerTranslatorHelper.swift */; };
		B0204C7F1DCE629C009703B2 /* RealmDatabaseHelper.swift in Sources */ = {isa = PBXBuildFile; fileRef = B0204C7E1DCE629C009703B2 /* RealmDatabaseHelper.swift */; };
		B0204C811DCE6AA6009703B2 /* OfferTranslatorHelper.swift in Sources */ = {isa = PBXBuildFile; fileRef = B0204C801DCE6AA6009703B2 /* OfferTranslatorHelper.swift */; };
		B069D3C11DCE8DD3004EBF13 /* InitializationViewController.swift in Sources */ = {isa = PBXBuildFile; fileRef = B069D3C01DCE8DD3004EBF13 /* InitializationViewController.swift */; };
		B069D3C41DCE982E004EBF13 /* CustomSearchController.swift in Sources */ = {isa = PBXBuildFile; fileRef = B069D3C31DCE982E004EBF13 /* CustomSearchController.swift */; };
		B069D3C61DCE9855004EBF13 /* CustomSearchBar.swift in Sources */ = {isa = PBXBuildFile; fileRef = B069D3C51DCE9855004EBF13 /* CustomSearchBar.swift */; };
		B069D3C81DCE988B004EBF13 /* RetailersMasterViewController.swift in Sources */ = {isa = PBXBuildFile; fileRef = B069D3C71DCE988B004EBF13 /* RetailersMasterViewController.swift */; };
		B069D3CB1DCEB8A9004EBF13 /* RetailerTableViewCell.swift in Sources */ = {isa = PBXBuildFile; fileRef = B069D3C91DCEB8A9004EBF13 /* RetailerTableViewCell.swift */; };
		B069D3CC1DCEB8A9004EBF13 /* RetailerTableViewCell.xib in Resources */ = {isa = PBXBuildFile; fileRef = B069D3CA1DCEB8A9004EBF13 /* RetailerTableViewCell.xib */; };
		B069D3CE1DCEE7E6004EBF13 /* RetailerDetailViewController.swift in Sources */ = {isa = PBXBuildFile; fileRef = B069D3CD1DCEE7E6004EBF13 /* RetailerDetailViewController.swift */; };
		B069D3D11DCEEF31004EBF13 /* OfferTableViewCell.swift in Sources */ = {isa = PBXBuildFile; fileRef = B069D3CF1DCEEF31004EBF13 /* OfferTableViewCell.swift */; };
		B069D3D21DCEEF31004EBF13 /* OfferTableViewCell.xib in Resources */ = {isa = PBXBuildFile; fileRef = B069D3D01DCEEF31004EBF13 /* OfferTableViewCell.xib */; };
		B069D3D41DCFB03D004EBF13 /* Location.swift in Sources */ = {isa = PBXBuildFile; fileRef = B069D3D31DCFB03D004EBF13 /* Location.swift */; };
		B069D3D61DCFB0F3004EBF13 /* LocationTranslatorHelper.swift in Sources */ = {isa = PBXBuildFile; fileRef = B069D3D51DCFB0F3004EBF13 /* LocationTranslatorHelper.swift */; };
		B069D3D81DCFB910004EBF13 /* MapKit.framework in Frameworks */ = {isa = PBXBuildFile; fileRef = B069D3D71DCFB910004EBF13 /* MapKit.framework */; };
		B069D3DA1DCFBC4D004EBF13 /* LocationsViewController.swift in Sources */ = {isa = PBXBuildFile; fileRef = B069D3D91DCFBC4D004EBF13 /* LocationsViewController.swift */; };
		B069D3DC1DCFC6E9004EBF13 /* OfferDetailViewController.swift in Sources */ = {isa = PBXBuildFile; fileRef = B069D3DB1DCFC6E9004EBF13 /* OfferDetailViewController.swift */; };
		B069D3DE1DCFCEAB004EBF13 /* LocationHelper.swift in Sources */ = {isa = PBXBuildFile; fileRef = B069D3DD1DCFCEAB004EBF13 /* LocationHelper.swift */; };
		B069D3E01DCFD74B004EBF13 /* LocationAnnotation.swift in Sources */ = {isa = PBXBuildFile; fileRef = B069D3DF1DCFD74B004EBF13 /* LocationAnnotation.swift */; };
		B069D3E21DCFE4E7004EBF13 /* Reward.swift in Sources */ = {isa = PBXBuildFile; fileRef = B069D3E11DCFE4E7004EBF13 /* Reward.swift */; };
		B069D3E51DCFE537004EBF13 /* Option.swift in Sources */ = {isa = PBXBuildFile; fileRef = B069D3E41DCFE537004EBF13 /* Option.swift */; };
		B083F8761DCFEE5900EAE2AC /* Category.swift in Sources */ = {isa = PBXBuildFile; fileRef = B083F8751DCFEE5900EAE2AC /* Category.swift */; };
		B083F8781DCFF9CA00EAE2AC /* SpeechSearchViewController.swift in Sources */ = {isa = PBXBuildFile; fileRef = B083F8771DCFF9CA00EAE2AC /* SpeechSearchViewController.swift */; };
		B083F87B1DD0009E00EAE2AC /* StringFilter.swift in Sources */ = {isa = PBXBuildFile; fileRef = B083F87A1DD0009E00EAE2AC /* StringFilter.swift */; };
		B083F87E1DD0141A00EAE2AC /* RewardTableViewCell.swift in Sources */ = {isa = PBXBuildFile; fileRef = B083F87C1DD0141A00EAE2AC /* RewardTableViewCell.swift */; };
		B083F87F1DD0141A00EAE2AC /* RewardTableViewCell.xib in Resources */ = {isa = PBXBuildFile; fileRef = B083F87D1DD0141A00EAE2AC /* RewardTableViewCell.xib */; };
		B083F8821DD0143000EAE2AC /* OptionTableViewCell.swift in Sources */ = {isa = PBXBuildFile; fileRef = B083F8801DD0143000EAE2AC /* OptionTableViewCell.swift */; };
		B083F8831DD0143000EAE2AC /* OptionTableViewCell.xib in Resources */ = {isa = PBXBuildFile; fileRef = B083F8811DD0143000EAE2AC /* OptionTableViewCell.xib */; };
		B083F8851DD03C9800EAE2AC /* RewardDetailViewController.swift in Sources */ = {isa = PBXBuildFile; fileRef = B083F8841DD03C9800EAE2AC /* RewardDetailViewController.swift */; };
		BC16E86EF8DA5AB3F661DA14 /* Pods_coupon.framework in Frameworks */ = {isa = PBXBuildFile; fileRef = 2F43CED56337DE44F7D5EECF /* Pods_coupon.framework */; };
		CF148B399B17F67663382A39 /* Pods_couponUITests.framework in Frameworks */ = {isa = PBXBuildFile; fileRef = 703C22EDCAE20C7A0A07D87E /* Pods_couponUITests.framework */; };
/* End PBXBuildFile section */

/* Begin PBXContainerItemProxy section */
		B0204C381DCE4549009703B2 /* PBXContainerItemProxy */ = {
			isa = PBXContainerItemProxy;
			containerPortal = B0204C1B1DCE4549009703B2 /* Project object */;
			proxyType = 1;
			remoteGlobalIDString = B0204C221DCE4549009703B2;
			remoteInfo = coupon;
		};
		B0204C431DCE4549009703B2 /* PBXContainerItemProxy */ = {
			isa = PBXContainerItemProxy;
			containerPortal = B0204C1B1DCE4549009703B2 /* Project object */;
			proxyType = 1;
			remoteGlobalIDString = B0204C221DCE4549009703B2;
			remoteInfo = coupon;
		};
/* End PBXContainerItemProxy section */

/* Begin PBXFileReference section */
		281841F62A0FC696C86110B0 /* Pods-coupon.debug.xcconfig */ = {isa = PBXFileReference; includeInIndex = 1; lastKnownFileType = text.xcconfig; name = "Pods-coupon.debug.xcconfig"; path = "Pods/Target Support Files/Pods-coupon/Pods-coupon.debug.xcconfig"; sourceTree = "<group>"; };
		2F43CED56337DE44F7D5EECF /* Pods_coupon.framework */ = {isa = PBXFileReference; explicitFileType = wrapper.framework; includeInIndex = 0; path = Pods_coupon.framework; sourceTree = BUILT_PRODUCTS_DIR; };
		4525102E986FF694806932FE /* Pods-couponUITests.debug.xcconfig */ = {isa = PBXFileReference; includeInIndex = 1; lastKnownFileType = text.xcconfig; name = "Pods-couponUITests.debug.xcconfig"; path = "Pods/Target Support Files/Pods-couponUITests/Pods-couponUITests.debug.xcconfig"; sourceTree = "<group>"; };
		4CE3EEDD91184EE8500F9A14 /* Pods_couponTests.framework */ = {isa = PBXFileReference; explicitFileType = wrapper.framework; includeInIndex = 0; path = Pods_couponTests.framework; sourceTree = BUILT_PRODUCTS_DIR; };
		703C22EDCAE20C7A0A07D87E /* Pods_couponUITests.framework */ = {isa = PBXFileReference; explicitFileType = wrapper.framework; includeInIndex = 0; path = Pods_couponUITests.framework; sourceTree = BUILT_PRODUCTS_DIR; };
		A3DCDAC00133C54DF1962F3E /* Pods-couponTests.debug.xcconfig */ = {isa = PBXFileReference; includeInIndex = 1; lastKnownFileType = text.xcconfig; name = "Pods-couponTests.debug.xcconfig"; path = "Pods/Target Support Files/Pods-couponTests/Pods-couponTests.debug.xcconfig"; sourceTree = "<group>"; };
		B0204C231DCE4549009703B2 /* coupon.app */ = {isa = PBXFileReference; explicitFileType = wrapper.application; includeInIndex = 0; path = coupon.app; sourceTree = BUILT_PRODUCTS_DIR; };
		B0204C261DCE4549009703B2 /* AppDelegate.swift */ = {isa = PBXFileReference; lastKnownFileType = sourcecode.swift; name = AppDelegate.swift; path = coupon/AppDelegate.swift; sourceTree = "<group>"; };
		B0204C281DCE4549009703B2 /* ViewController.swift */ = {isa = PBXFileReference; lastKnownFileType = sourcecode.swift; path = ViewController.swift; sourceTree = "<group>"; };
		B0204C2B1DCE4549009703B2 /* Base */ = {isa = PBXFileReference; lastKnownFileType = file.storyboard; name = Base; path = Base.lproj/Main.storyboard; sourceTree = "<group>"; };
		B0204C2D1DCE4549009703B2 /* Assets.xcassets */ = {isa = PBXFileReference; lastKnownFileType = folder.assetcatalog; name = Assets.xcassets; path = coupon/Assets.xcassets; sourceTree = "<group>"; };
		B0204C301DCE4549009703B2 /* Base */ = {isa = PBXFileReference; lastKnownFileType = file.storyboard; name = Base; path = Base.lproj/LaunchScreen.storyboard; sourceTree = "<group>"; };
		B0204C321DCE4549009703B2 /* Info.plist */ = {isa = PBXFileReference; lastKnownFileType = text.plist.xml; name = Info.plist; path = coupon/Info.plist; sourceTree = "<group>"; };
		B0204C371DCE4549009703B2 /* couponTests.xctest */ = {isa = PBXFileReference; explicitFileType = wrapper.cfbundle; includeInIndex = 0; path = couponTests.xctest; sourceTree = BUILT_PRODUCTS_DIR; };
		B0204C3B1DCE4549009703B2 /* couponTests.swift */ = {isa = PBXFileReference; lastKnownFileType = sourcecode.swift; path = couponTests.swift; sourceTree = "<group>"; };
		B0204C3D1DCE4549009703B2 /* Info.plist */ = {isa = PBXFileReference; lastKnownFileType = text.plist.xml; path = Info.plist; sourceTree = "<group>"; };
		B0204C421DCE4549009703B2 /* couponUITests.xctest */ = {isa = PBXFileReference; explicitFileType = wrapper.cfbundle; includeInIndex = 0; path = couponUITests.xctest; sourceTree = BUILT_PRODUCTS_DIR; };
		B0204C461DCE4549009703B2 /* couponUITests.swift */ = {isa = PBXFileReference; lastKnownFileType = sourcecode.swift; path = couponUITests.swift; sourceTree = "<group>"; };
		B0204C481DCE4549009703B2 /* Info.plist */ = {isa = PBXFileReference; lastKnownFileType = text.plist.xml; path = Info.plist; sourceTree = "<group>"; };
		B0204C561DCE45A8009703B2 /* Podfile */ = {isa = PBXFileReference; fileEncoding = 4; lastKnownFileType = text; path = Podfile; sourceTree = "<group>"; xcLanguageSpecificationIdentifier = xcode.lang.ruby; };
		B0204C631DCE4EF3009703B2 /* Offer.swift */ = {isa = PBXFileReference; fileEncoding = 4; lastKnownFileType = sourcecode.swift; name = Offer.swift; path = Models/Offer.swift; sourceTree = "<group>"; };
		B0204C651DCE4F01009703B2 /* Retailer.swift */ = {isa = PBXFileReference; fileEncoding = 4; lastKnownFileType = sourcecode.swift; name = Retailer.swift; path = Models/Retailer.swift; sourceTree = "<group>"; };
		B0204C681DCE547B009703B2 /* Offers.json */ = {isa = PBXFileReference; fileEncoding = 4; lastKnownFileType = text.json; name = Offers.json; path = JSON/Offers.json; sourceTree = "<group>"; };
		B0204C6A1DCE547B009703B2 /* Locations.json */ = {isa = PBXFileReference; fileEncoding = 4; lastKnownFileType = text.json; name = Locations.json; path = JSON/Locations.json; sourceTree = "<group>"; };
		B0204C761DCE5620009703B2 /* ReadJSONHelper.swift */ = {isa = PBXFileReference; fileEncoding = 4; lastKnownFileType = sourcecode.swift; name = ReadJSONHelper.swift; path = Helpers/ReadJSONHelper.swift; sourceTree = "<group>"; };
		B0204C781DCE57A4009703B2 /* Retailers.json */ = {isa = PBXFileReference; fileEncoding = 4; lastKnownFileType = text.json; path = Retailers.json; sourceTree = "<group>"; };
		B0204C7C1DCE5F92009703B2 /* RetailerTranslatorHelper.swift */ = {isa = PBXFileReference; fileEncoding = 4; lastKnownFileType = sourcecode.swift; name = RetailerTranslatorHelper.swift; path = Helpers/Realm/RetailerTranslatorHelper.swift; sourceTree = "<group>"; };
		B0204C7E1DCE629C009703B2 /* RealmDatabaseHelper.swift */ = {isa = PBXFileReference; fileEncoding = 4; lastKnownFileType = sourcecode.swift; name = RealmDatabaseHelper.swift; path = Helpers/Realm/RealmDatabaseHelper.swift; sourceTree = "<group>"; };
		B0204C801DCE6AA6009703B2 /* OfferTranslatorHelper.swift */ = {isa = PBXFileReference; fileEncoding = 4; lastKnownFileType = sourcecode.swift; name = OfferTranslatorHelper.swift; path = Helpers/Realm/OfferTranslatorHelper.swift; sourceTree = "<group>"; };
		B069D3C01DCE8DD3004EBF13 /* InitializationViewController.swift */ = {isa = PBXFileReference; fileEncoding = 4; lastKnownFileType = sourcecode.swift; name = InitializationViewController.swift; path = Controllers/InitializationViewController.swift; sourceTree = "<group>"; };
		B069D3C31DCE982E004EBF13 /* CustomSearchController.swift */ = {isa = PBXFileReference; fileEncoding = 4; lastKnownFileType = sourcecode.swift; name = CustomSearchController.swift; path = Controllers/SearchControllers/CustomSearchController.swift; sourceTree = "<group>"; };
		B069D3C51DCE9855004EBF13 /* CustomSearchBar.swift */ = {isa = PBXFileReference; fileEncoding = 4; lastKnownFileType = sourcecode.swift; path = CustomSearchBar.swift; sourceTree = "<group>"; };
		B069D3C71DCE988B004EBF13 /* RetailersMasterViewController.swift */ = {isa = PBXFileReference; fileEncoding = 4; lastKnownFileType = sourcecode.swift; name = RetailersMasterViewController.swift; path = Controllers/RetailersMasterViewController.swift; sourceTree = "<group>"; };
		B069D3C91DCEB8A9004EBF13 /* RetailerTableViewCell.swift */ = {isa = PBXFileReference; fileEncoding = 4; lastKnownFileType = sourcecode.swift; name = RetailerTableViewCell.swift; path = Views/RetailerTableViewCell.swift; sourceTree = "<group>"; };
		B069D3CA1DCEB8A9004EBF13 /* RetailerTableViewCell.xib */ = {isa = PBXFileReference; fileEncoding = 4; lastKnownFileType = file.xib; name = RetailerTableViewCell.xib; path = Views/RetailerTableViewCell.xib; sourceTree = "<group>"; };
		B069D3CD1DCEE7E6004EBF13 /* RetailerDetailViewController.swift */ = {isa = PBXFileReference; fileEncoding = 4; lastKnownFileType = sourcecode.swift; name = RetailerDetailViewController.swift; path = Controllers/RetailerDetailViewController.swift; sourceTree = "<group>"; };
		B069D3CF1DCEEF31004EBF13 /* OfferTableViewCell.swift */ = {isa = PBXFileReference; fileEncoding = 4; lastKnownFileType = sourcecode.swift; name = OfferTableViewCell.swift; path = Views/OfferTableViewCell.swift; sourceTree = "<group>"; };
		B069D3D01DCEEF31004EBF13 /* OfferTableViewCell.xib */ = {isa = PBXFileReference; fileEncoding = 4; lastKnownFileType = file.xib; name = OfferTableViewCell.xib; path = Views/OfferTableViewCell.xib; sourceTree = "<group>"; };
		B069D3D31DCFB03D004EBF13 /* Location.swift */ = {isa = PBXFileReference; fileEncoding = 4; lastKnownFileType = sourcecode.swift; name = Location.swift; path = Models/Location.swift; sourceTree = "<group>"; };
		B069D3D51DCFB0F3004EBF13 /* LocationTranslatorHelper.swift */ = {isa = PBXFileReference; fileEncoding = 4; lastKnownFileType = sourcecode.swift; name = LocationTranslatorHelper.swift; path = Helpers/Realm/LocationTranslatorHelper.swift; sourceTree = "<group>"; };
		B069D3D71DCFB910004EBF13 /* MapKit.framework */ = {isa = PBXFileReference; lastKnownFileType = wrapper.framework; name = MapKit.framework; path = System/Library/Frameworks/MapKit.framework; sourceTree = SDKROOT; };
		B069D3D91DCFBC4D004EBF13 /* LocationsViewController.swift */ = {isa = PBXFileReference; fileEncoding = 4; lastKnownFileType = sourcecode.swift; name = LocationsViewController.swift; path = Controllers/LocationsViewController.swift; sourceTree = "<group>"; };
		B069D3DB1DCFC6E9004EBF13 /* OfferDetailViewController.swift */ = {isa = PBXFileReference; fileEncoding = 4; lastKnownFileType = sourcecode.swift; name = OfferDetailViewController.swift; path = Controllers/OfferDetailViewController.swift; sourceTree = "<group>"; };
		B069D3DD1DCFCEAB004EBF13 /* LocationHelper.swift */ = {isa = PBXFileReference; fileEncoding = 4; lastKnownFileType = sourcecode.swift; name = LocationHelper.swift; path = Helpers/LocationHelper.swift; sourceTree = "<group>"; };
		B069D3DF1DCFD74B004EBF13 /* LocationAnnotation.swift */ = {isa = PBXFileReference; fileEncoding = 4; lastKnownFileType = sourcecode.swift; name = LocationAnnotation.swift; path = Helpers/LocationAnnotation.swift; sourceTree = "<group>"; };
		B069D3E11DCFE4E7004EBF13 /* Reward.swift */ = {isa = PBXFileReference; fileEncoding = 4; lastKnownFileType = sourcecode.swift; name = Reward.swift; path = Models/Reward.swift; sourceTree = "<group>"; };
		B069D3E41DCFE537004EBF13 /* Option.swift */ = {isa = PBXFileReference; fileEncoding = 4; lastKnownFileType = sourcecode.swift; name = Option.swift; path = Models/Option.swift; sourceTree = "<group>"; };
		B083F8751DCFEE5900EAE2AC /* Category.swift */ = {isa = PBXFileReference; fileEncoding = 4; lastKnownFileType = sourcecode.swift; name = Category.swift; path = Models/Category.swift; sourceTree = "<group>"; };
		B083F8771DCFF9CA00EAE2AC /* SpeechSearchViewController.swift */ = {isa = PBXFileReference; fileEncoding = 4; lastKnownFileType = sourcecode.swift; name = SpeechSearchViewController.swift; path = Controllers/SpeechSearchViewController.swift; sourceTree = "<group>"; };
		B083F87A1DD0009E00EAE2AC /* StringFilter.swift */ = {isa = PBXFileReference; fileEncoding = 4; lastKnownFileType = sourcecode.swift; name = StringFilter.swift; path = Extensions/StringFilter.swift; sourceTree = "<group>"; };
		B083F87C1DD0141A00EAE2AC /* RewardTableViewCell.swift */ = {isa = PBXFileReference; fileEncoding = 4; lastKnownFileType = sourcecode.swift; name = RewardTableViewCell.swift; path = Views/RewardTableViewCell.swift; sourceTree = "<group>"; };
		B083F87D1DD0141A00EAE2AC /* RewardTableViewCell.xib */ = {isa = PBXFileReference; fileEncoding = 4; lastKnownFileType = file.xib; name = RewardTableViewCell.xib; path = Views/RewardTableViewCell.xib; sourceTree = "<group>"; };
		B083F8801DD0143000EAE2AC /* OptionTableViewCell.swift */ = {isa = PBXFileReference; fileEncoding = 4; lastKnownFileType = sourcecode.swift; name = OptionTableViewCell.swift; path = Views/OptionTableViewCell.swift; sourceTree = "<group>"; };
		B083F8811DD0143000EAE2AC /* OptionTableViewCell.xib */ = {isa = PBXFileReference; fileEncoding = 4; lastKnownFileType = file.xib; name = OptionTableViewCell.xib; path = Views/OptionTableViewCell.xib; sourceTree = "<group>"; };
		B083F8841DD03C9800EAE2AC /* RewardDetailViewController.swift */ = {isa = PBXFileReference; fileEncoding = 4; lastKnownFileType = sourcecode.swift; name = RewardDetailViewController.swift; path = Controllers/RewardDetailViewController.swift; sourceTree = "<group>"; };
		D9DA6F54115467ABF7554BBA /* Pods-couponUITests.release.xcconfig */ = {isa = PBXFileReference; includeInIndex = 1; lastKnownFileType = text.xcconfig; name = "Pods-couponUITests.release.xcconfig"; path = "Pods/Target Support Files/Pods-couponUITests/Pods-couponUITests.release.xcconfig"; sourceTree = "<group>"; };
		F9E68CE6763F35ED723C6A88 /* Pods-couponTests.release.xcconfig */ = {isa = PBXFileReference; includeInIndex = 1; lastKnownFileType = text.xcconfig; name = "Pods-couponTests.release.xcconfig"; path = "Pods/Target Support Files/Pods-couponTests/Pods-couponTests.release.xcconfig"; sourceTree = "<group>"; };
		FC47DAD94F49C0724506AF9E /* Pods-coupon.release.xcconfig */ = {isa = PBXFileReference; includeInIndex = 1; lastKnownFileType = text.xcconfig; name = "Pods-coupon.release.xcconfig"; path = "Pods/Target Support Files/Pods-coupon/Pods-coupon.release.xcconfig"; sourceTree = "<group>"; };
/* End PBXFileReference section */

/* Begin PBXFrameworksBuildPhase section */
		B0204C201DCE4549009703B2 /* Frameworks */ = {
			isa = PBXFrameworksBuildPhase;
			buildActionMask = 2147483647;
			files = (
				B069D3D81DCFB910004EBF13 /* MapKit.framework in Frameworks */,
				BC16E86EF8DA5AB3F661DA14 /* Pods_coupon.framework in Frameworks */,
			);
			runOnlyForDeploymentPostprocessing = 0;
		};
		B0204C341DCE4549009703B2 /* Frameworks */ = {
			isa = PBXFrameworksBuildPhase;
			buildActionMask = 2147483647;
			files = (
				4CFD6B92098AF43D734621C2 /* Pods_couponTests.framework in Frameworks */,
			);
			runOnlyForDeploymentPostprocessing = 0;
		};
		B0204C3F1DCE4549009703B2 /* Frameworks */ = {
			isa = PBXFrameworksBuildPhase;
			buildActionMask = 2147483647;
			files = (
				CF148B399B17F67663382A39 /* Pods_couponUITests.framework in Frameworks */,
			);
			runOnlyForDeploymentPostprocessing = 0;
		};
/* End PBXFrameworksBuildPhase section */

/* Begin PBXGroup section */
		8E96EC9BB1A9C709AE92A4ED /* Frameworks */ = {
			isa = PBXGroup;
			children = (
				B069D3D71DCFB910004EBF13 /* MapKit.framework */,
				2F43CED56337DE44F7D5EECF /* Pods_coupon.framework */,
				4CE3EEDD91184EE8500F9A14 /* Pods_couponTests.framework */,
				703C22EDCAE20C7A0A07D87E /* Pods_couponUITests.framework */,
			);
			name = Frameworks;
			sourceTree = "<group>";
		};
		B0204C1A1DCE4549009703B2 = {
			isa = PBXGroup;
			children = (
				B0204C251DCE4549009703B2 /* coupon */,
				B0204C3A1DCE4549009703B2 /* couponTests */,
				B0204C451DCE4549009703B2 /* couponUITests */,
				B0204C241DCE4549009703B2 /* Products */,
				C013BF58D6F29BF29603A519 /* Pods */,
				8E96EC9BB1A9C709AE92A4ED /* Frameworks */,
			);
			sourceTree = "<group>";
		};
		B0204C241DCE4549009703B2 /* Products */ = {
			isa = PBXGroup;
			children = (
				B0204C231DCE4549009703B2 /* coupon.app */,
				B0204C371DCE4549009703B2 /* couponTests.xctest */,
				B0204C421DCE4549009703B2 /* couponUITests.xctest */,
			);
			name = Products;
			sourceTree = "<group>";
		};
		B0204C251DCE4549009703B2 /* coupon */ = {
			isa = PBXGroup;
			children = (
				B083F8791DD0007C00EAE2AC /* Extensions */,
				B069D3BF1DCE8D14004EBF13 /* Supporting */,
				B069D3BE1DCE8CFD004EBF13 /* Application */,
				B0204C671DCE5472009703B2 /* JSON */,
				B0204C5A1DCE4629009703B2 /* Helpers */,
				B0204C591DCE4623009703B2 /* Views */,
				B0204C621DCE46DB009703B2 /* Models */,
				B0204C581DCE461A009703B2 /* Controllers */,
			);
			path = coupon;
			sourceTree = "<group>";
		};
		B0204C3A1DCE4549009703B2 /* couponTests */ = {
			isa = PBXGroup;
			children = (
				B0204C3B1DCE4549009703B2 /* couponTests.swift */,
				B0204C3D1DCE4549009703B2 /* Info.plist */,
			);
			path = couponTests;
			sourceTree = "<group>";
		};
		B0204C451DCE4549009703B2 /* couponUITests */ = {
			isa = PBXGroup;
			children = (
				B0204C461DCE4549009703B2 /* couponUITests.swift */,
				B0204C481DCE4549009703B2 /* Info.plist */,
			);
			path = couponUITests;
			sourceTree = "<group>";
		};
		B0204C581DCE461A009703B2 /* Controllers */ = {
			isa = PBXGroup;
			children = (
				B069D3C21DCE97D9004EBF13 /* SearchControllers */,
				B0204C281DCE4549009703B2 /* ViewController.swift */,
				B069D3C01DCE8DD3004EBF13 /* InitializationViewController.swift */,
				B069D3C71DCE988B004EBF13 /* RetailersMasterViewController.swift */,
				B069D3CD1DCEE7E6004EBF13 /* RetailerDetailViewController.swift */,
				B069D3D91DCFBC4D004EBF13 /* LocationsViewController.swift */,
				B069D3DB1DCFC6E9004EBF13 /* OfferDetailViewController.swift */,
				B083F8771DCFF9CA00EAE2AC /* SpeechSearchViewController.swift */,
				B083F8841DD03C9800EAE2AC /* RewardDetailViewController.swift */,
			);
			name = Controllers;
			sourceTree = "<group>";
		};
		B0204C591DCE4623009703B2 /* Views */ = {
			isa = PBXGroup;
			children = (
				B0204C2F1DCE4549009703B2 /* LaunchScreen.storyboard */,
				B0204C2A1DCE4549009703B2 /* Main.storyboard */,
				B069D3C91DCEB8A9004EBF13 /* RetailerTableViewCell.swift */,
				B069D3CA1DCEB8A9004EBF13 /* RetailerTableViewCell.xib */,
				B069D3CF1DCEEF31004EBF13 /* OfferTableViewCell.swift */,
				B069D3D01DCEEF31004EBF13 /* OfferTableViewCell.xib */,
				B083F87C1DD0141A00EAE2AC /* RewardTableViewCell.swift */,
				B083F87D1DD0141A00EAE2AC /* RewardTableViewCell.xib */,
				B083F8801DD0143000EAE2AC /* OptionTableViewCell.swift */,
				B083F8811DD0143000EAE2AC /* OptionTableViewCell.xib */,
			);
			name = Views;
			sourceTree = "<group>";
		};
		B0204C5A1DCE4629009703B2 /* Helpers */ = {
			isa = PBXGroup;
			children = (
				B0204C7B1DCE5F6D009703B2 /* Realm */,
				B0204C761DCE5620009703B2 /* ReadJSONHelper.swift */,
				B069D3DD1DCFCEAB004EBF13 /* LocationHelper.swift */,
				B069D3DF1DCFD74B004EBF13 /* LocationAnnotation.swift */,
			);
			name = Helpers;
			sourceTree = "<group>";
		};
		B0204C621DCE46DB009703B2 /* Models */ = {
			isa = PBXGroup;
			children = (
				B0204C631DCE4EF3009703B2 /* Offer.swift */,
				B0204C651DCE4F01009703B2 /* Retailer.swift */,
				B069D3D31DCFB03D004EBF13 /* Location.swift */,
				B069D3E11DCFE4E7004EBF13 /* Reward.swift */,
				B069D3E41DCFE537004EBF13 /* Option.swift */,
				B083F8751DCFEE5900EAE2AC /* Category.swift */,
			);
			name = Models;
			sourceTree = "<group>";
		};
		B0204C671DCE5472009703B2 /* JSON */ = {
			isa = PBXGroup;
			children = (
				B0204C781DCE57A4009703B2 /* Retailers.json */,
				B0204C681DCE547B009703B2 /* Offers.json */,
				B0204C6A1DCE547B009703B2 /* Locations.json */,
			);
			name = JSON;
			sourceTree = "<group>";
		};
		B0204C7B1DCE5F6D009703B2 /* Realm */ = {
			isa = PBXGroup;
			children = (
				B0204C7C1DCE5F92009703B2 /* RetailerTranslatorHelper.swift */,
				B0204C7E1DCE629C009703B2 /* RealmDatabaseHelper.swift */,
				B0204C801DCE6AA6009703B2 /* OfferTranslatorHelper.swift */,
				B069D3D51DCFB0F3004EBF13 /* LocationTranslatorHelper.swift */,
			);
			name = Realm;
			sourceTree = "<group>";
		};
		B069D3BE1DCE8CFD004EBF13 /* Application */ = {
			isa = PBXGroup;
			children = (
				B0204C261DCE4549009703B2 /* AppDelegate.swift */,
			);
			name = Application;
			path = ..;
			sourceTree = "<group>";
		};
		B069D3BF1DCE8D14004EBF13 /* Supporting */ = {
			isa = PBXGroup;
			children = (
				B0204C561DCE45A8009703B2 /* Podfile */,
				B0204C321DCE4549009703B2 /* Info.plist */,
				B0204C2D1DCE4549009703B2 /* Assets.xcassets */,
			);
			name = Supporting;
			path = ..;
			sourceTree = "<group>";
		};
		B069D3C21DCE97D9004EBF13 /* SearchControllers */ = {
			isa = PBXGroup;
			children = (
				B069D3C31DCE982E004EBF13 /* CustomSearchController.swift */,
				B069D3C51DCE9855004EBF13 /* CustomSearchBar.swift */,
			);
			name = SearchControllers;
			sourceTree = "<group>";
		};
		B083F8791DD0007C00EAE2AC /* Extensions */ = {
			isa = PBXGroup;
			children = (
				B083F87A1DD0009E00EAE2AC /* StringFilter.swift */,
			);
			name = Extensions;
			sourceTree = "<group>";
		};
		C013BF58D6F29BF29603A519 /* Pods */ = {
			isa = PBXGroup;
			children = (
				281841F62A0FC696C86110B0 /* Pods-coupon.debug.xcconfig */,
				FC47DAD94F49C0724506AF9E /* Pods-coupon.release.xcconfig */,
				A3DCDAC00133C54DF1962F3E /* Pods-couponTests.debug.xcconfig */,
				F9E68CE6763F35ED723C6A88 /* Pods-couponTests.release.xcconfig */,
				4525102E986FF694806932FE /* Pods-couponUITests.debug.xcconfig */,
				D9DA6F54115467ABF7554BBA /* Pods-couponUITests.release.xcconfig */,
			);
			name = Pods;
			sourceTree = "<group>";
		};
/* End PBXGroup section */

/* Begin PBXNativeTarget section */
		B0204C221DCE4549009703B2 /* coupon */ = {
			isa = PBXNativeTarget;
			buildConfigurationList = B0204C4B1DCE4549009703B2 /* Build configuration list for PBXNativeTarget "coupon" */;
			buildPhases = (
				6256FB5859106F1BBC3BDAEF /* [CP] Check Pods Manifest.lock */,
				B0204C1F1DCE4549009703B2 /* Sources */,
				B0204C201DCE4549009703B2 /* Frameworks */,
				B0204C211DCE4549009703B2 /* Resources */,
				16B09FDCEE0AF2ED71D8EAD1 /* [CP] Embed Pods Frameworks */,
				F91370524D1BFA2919B5C1BB /* [CP] Copy Pods Resources */,
			);
			buildRules = (
			);
			dependencies = (
			);
			name = coupon;
			productName = coupon;
			productReference = B0204C231DCE4549009703B2 /* coupon.app */;
			productType = "com.apple.product-type.application";
		};
		B0204C361DCE4549009703B2 /* couponTests */ = {
			isa = PBXNativeTarget;
			buildConfigurationList = B0204C4E1DCE4549009703B2 /* Build configuration list for PBXNativeTarget "couponTests" */;
			buildPhases = (
				46BA30EA1E1396045D5D1AE4 /* [CP] Check Pods Manifest.lock */,
				B0204C331DCE4549009703B2 /* Sources */,
				B0204C341DCE4549009703B2 /* Frameworks */,
				B0204C351DCE4549009703B2 /* Resources */,
				0838F22F102DF1695F24059A /* [CP] Embed Pods Frameworks */,
				A3C9032173BD09F5B74A5211 /* [CP] Copy Pods Resources */,
			);
			buildRules = (
			);
			dependencies = (
				B0204C391DCE4549009703B2 /* PBXTargetDependency */,
			);
			name = couponTests;
			productName = couponTests;
			productReference = B0204C371DCE4549009703B2 /* couponTests.xctest */;
			productType = "com.apple.product-type.bundle.unit-test";
		};
		B0204C411DCE4549009703B2 /* couponUITests */ = {
			isa = PBXNativeTarget;
			buildConfigurationList = B0204C511DCE4549009703B2 /* Build configuration list for PBXNativeTarget "couponUITests" */;
			buildPhases = (
				51209895E55DB237B2169D46 /* [CP] Check Pods Manifest.lock */,
				B0204C3E1DCE4549009703B2 /* Sources */,
				B0204C3F1DCE4549009703B2 /* Frameworks */,
				B0204C401DCE4549009703B2 /* Resources */,
				EF897F4DB3C5A6C24AC170CC /* [CP] Copy Pods Resources */,
			);
			buildRules = (
			);
			dependencies = (
				B0204C441DCE4549009703B2 /* PBXTargetDependency */,
			);
			name = couponUITests;
			productName = couponUITests;
			productReference = B0204C421DCE4549009703B2 /* couponUITests.xctest */;
			productType = "com.apple.product-type.bundle.ui-testing";
		};
/* End PBXNativeTarget section */

/* Begin PBXProject section */
		B0204C1B1DCE4549009703B2 /* Project object */ = {
			isa = PBXProject;
			attributes = {
				LastSwiftUpdateCheck = 0810;
				LastUpgradeCheck = 0810;
				ORGANIZATIONNAME = "Alexander Murphy";
				TargetAttributes = {
					B0204C221DCE4549009703B2 = {
						CreatedOnToolsVersion = 8.1;
						DevelopmentTeam = 9L49SS68XP;
						ProvisioningStyle = Automatic;
					};
					B0204C361DCE4549009703B2 = {
						CreatedOnToolsVersion = 8.1;
						DevelopmentTeam = 9L49SS68XP;
						ProvisioningStyle = Automatic;
						TestTargetID = B0204C221DCE4549009703B2;
					};
					B0204C411DCE4549009703B2 = {
						CreatedOnToolsVersion = 8.1;
						DevelopmentTeam = 9L49SS68XP;
						ProvisioningStyle = Automatic;
						TestTargetID = B0204C221DCE4549009703B2;
					};
				};
			};
			buildConfigurationList = B0204C1E1DCE4549009703B2 /* Build configuration list for PBXProject "coupon" */;
			compatibilityVersion = "Xcode 3.2";
			developmentRegion = English;
			hasScannedForEncodings = 0;
			knownRegions = (
				en,
				Base,
			);
			mainGroup = B0204C1A1DCE4549009703B2;
			productRefGroup = B0204C241DCE4549009703B2 /* Products */;
			projectDirPath = "";
			projectRoot = "";
			targets = (
				B0204C221DCE4549009703B2 /* coupon */,
				B0204C361DCE4549009703B2 /* couponTests */,
				B0204C411DCE4549009703B2 /* couponUITests */,
			);
		};
/* End PBXProject section */

/* Begin PBXResourcesBuildPhase section */
		B0204C211DCE4549009703B2 /* Resources */ = {
			isa = PBXResourcesBuildPhase;
			buildActionMask = 2147483647;
			files = (
				B083F87F1DD0141A00EAE2AC /* RewardTableViewCell.xib in Resources */,
				B0204C791DCE57A4009703B2 /* Retailers.json in Resources */,
				B069D3D21DCEEF31004EBF13 /* OfferTableViewCell.xib in Resources */,
				B0204C711DCE5583009703B2 /* Offers.json in Resources */,
				B0204C731DCE5583009703B2 /* Locations.json in Resources */,
				B0204C311DCE4549009703B2 /* LaunchScreen.storyboard in Resources */,
				B0204C2E1DCE4549009703B2 /* Assets.xcassets in Resources */,
				B069D3CC1DCEB8A9004EBF13 /* RetailerTableViewCell.xib in Resources */,
				B083F8831DD0143000EAE2AC /* OptionTableViewCell.xib in Resources */,
				B0204C571DCE45A8009703B2 /* Podfile in Resources */,
				B0204C2C1DCE4549009703B2 /* Main.storyboard in Resources */,
			);
			runOnlyForDeploymentPostprocessing = 0;
		};
		B0204C351DCE4549009703B2 /* Resources */ = {
			isa = PBXResourcesBuildPhase;
			buildActionMask = 2147483647;
			files = (
			);
			runOnlyForDeploymentPostprocessing = 0;
		};
		B0204C401DCE4549009703B2 /* Resources */ = {
			isa = PBXResourcesBuildPhase;
			buildActionMask = 2147483647;
			files = (
			);
			runOnlyForDeploymentPostprocessing = 0;
		};
/* End PBXResourcesBuildPhase section */

/* Begin PBXShellScriptBuildPhase section */
		0838F22F102DF1695F24059A /* [CP] Embed Pods Frameworks */ = {
			isa = PBXShellScriptBuildPhase;
			buildActionMask = 2147483647;
			files = (
			);
			inputPaths = (
			);
			name = "[CP] Embed Pods Frameworks";
			outputPaths = (
			);
			runOnlyForDeploymentPostprocessing = 0;
			shellPath = /bin/sh;
			shellScript = "\"${SRCROOT}/Pods/Target Support Files/Pods-couponTests/Pods-couponTests-frameworks.sh\"\n";
			showEnvVarsInLog = 0;
		};
		16B09FDCEE0AF2ED71D8EAD1 /* [CP] Embed Pods Frameworks */ = {
			isa = PBXShellScriptBuildPhase;
			buildActionMask = 2147483647;
			files = (
			);
			inputPaths = (
			);
			name = "[CP] Embed Pods Frameworks";
			outputPaths = (
			);
			runOnlyForDeploymentPostprocessing = 0;
			shellPath = /bin/sh;
			shellScript = "\"${SRCROOT}/Pods/Target Support Files/Pods-coupon/Pods-coupon-frameworks.sh\"\n";
			showEnvVarsInLog = 0;
		};
		46BA30EA1E1396045D5D1AE4 /* [CP] Check Pods Manifest.lock */ = {
			isa = PBXShellScriptBuildPhase;
			buildActionMask = 2147483647;
			files = (
			);
			inputPaths = (
			);
			name = "[CP] Check Pods Manifest.lock";
			outputPaths = (
			);
			runOnlyForDeploymentPostprocessing = 0;
			shellPath = /bin/sh;
			shellScript = "diff \"${PODS_ROOT}/../Podfile.lock\" \"${PODS_ROOT}/Manifest.lock\" > /dev/null\nif [[ $? != 0 ]] ; then\n    cat << EOM\nerror: The sandbox is not in sync with the Podfile.lock. Run 'pod install' or update your CocoaPods installation.\nEOM\n    exit 1\nfi\n";
			showEnvVarsInLog = 0;
		};
		51209895E55DB237B2169D46 /* [CP] Check Pods Manifest.lock */ = {
			isa = PBXShellScriptBuildPhase;
			buildActionMask = 2147483647;
			files = (
			);
			inputPaths = (
			);
			name = "[CP] Check Pods Manifest.lock";
			outputPaths = (
			);
			runOnlyForDeploymentPostprocessing = 0;
			shellPath = /bin/sh;
			shellScript = "diff \"${PODS_ROOT}/../Podfile.lock\" \"${PODS_ROOT}/Manifest.lock\" > /dev/null\nif [[ $? != 0 ]] ; then\n    cat << EOM\nerror: The sandbox is not in sync with the Podfile.lock. Run 'pod install' or update your CocoaPods installation.\nEOM\n    exit 1\nfi\n";
			showEnvVarsInLog = 0;
		};
		6256FB5859106F1BBC3BDAEF /* [CP] Check Pods Manifest.lock */ = {
			isa = PBXShellScriptBuildPhase;
			buildActionMask = 2147483647;
			files = (
			);
			inputPaths = (
			);
			name = "[CP] Check Pods Manifest.lock";
			outputPaths = (
			);
			runOnlyForDeploymentPostprocessing = 0;
			shellPath = /bin/sh;
			shellScript = "diff \"${PODS_ROOT}/../Podfile.lock\" \"${PODS_ROOT}/Manifest.lock\" > /dev/null\nif [[ $? != 0 ]] ; then\n    cat << EOM\nerror: The sandbox is not in sync with the Podfile.lock. Run 'pod install' or update your CocoaPods installation.\nEOM\n    exit 1\nfi\n";
			showEnvVarsInLog = 0;
		};
		A3C9032173BD09F5B74A5211 /* [CP] Copy Pods Resources */ = {
			isa = PBXShellScriptBuildPhase;
			buildActionMask = 2147483647;
			files = (
			);
			inputPaths = (
			);
			name = "[CP] Copy Pods Resources";
			outputPaths = (
			);
			runOnlyForDeploymentPostprocessing = 0;
			shellPath = /bin/sh;
			shellScript = "\"${SRCROOT}/Pods/Target Support Files/Pods-couponTests/Pods-couponTests-resources.sh\"\n";
			showEnvVarsInLog = 0;
		};
		EF897F4DB3C5A6C24AC170CC /* [CP] Copy Pods Resources */ = {
			isa = PBXShellScriptBuildPhase;
			buildActionMask = 2147483647;
			files = (
			);
			inputPaths = (
			);
			name = "[CP] Copy Pods Resources";
			outputPaths = (
			);
			runOnlyForDeploymentPostprocessing = 0;
			shellPath = /bin/sh;
			shellScript = "\"${SRCROOT}/Pods/Target Support Files/Pods-couponUITests/Pods-couponUITests-resources.sh\"\n";
			showEnvVarsInLog = 0;
		};
		F91370524D1BFA2919B5C1BB /* [CP] Copy Pods Resources */ = {
			isa = PBXShellScriptBuildPhase;
			buildActionMask = 2147483647;
			files = (
			);
			inputPaths = (
			);
			name = "[CP] Copy Pods Resources";
			outputPaths = (
			);
			runOnlyForDeploymentPostprocessing = 0;
			shellPath = /bin/sh;
			shellScript = "\"${SRCROOT}/Pods/Target Support Files/Pods-coupon/Pods-coupon-resources.sh\"\n";
			showEnvVarsInLog = 0;
		};
/* End PBXShellScriptBuildPhase section */

/* Begin PBXSourcesBuildPhase section */
		B0204C1F1DCE4549009703B2 /* Sources */ = {
			isa = PBXSourcesBuildPhase;
			buildActionMask = 2147483647;
			files = (
				B069D3C41DCE982E004EBF13 /* CustomSearchController.swift in Sources */,
				B0204C641DCE4EF3009703B2 /* Offer.swift in Sources */,
				B083F8781DCFF9CA00EAE2AC /* SpeechSearchViewController.swift in Sources */,
				B069D3D41DCFB03D004EBF13 /* Location.swift in Sources */,
				B0204C661DCE4F01009703B2 /* Retailer.swift in Sources */,
				B069D3E21DCFE4E7004EBF13 /* Reward.swift in Sources */,
				B069D3DE1DCFCEAB004EBF13 /* LocationHelper.swift in Sources */,
				B069D3C11DCE8DD3004EBF13 /* InitializationViewController.swift in Sources */,
				B069D3E01DCFD74B004EBF13 /* LocationAnnotation.swift in Sources */,
				B069D3C81DCE988B004EBF13 /* RetailersMasterViewController.swift in Sources */,
				B0204C811DCE6AA6009703B2 /* OfferTranslatorHelper.swift in Sources */,
				B069D3D61DCFB0F3004EBF13 /* LocationTranslatorHelper.swift in Sources */,
				B069D3D11DCEEF31004EBF13 /* OfferTableViewCell.swift in Sources */,
				B0204C291DCE4549009703B2 /* ViewController.swift in Sources */,
				B069D3E51DCFE537004EBF13 /* Option.swift in Sources */,
				B069D3CE1DCEE7E6004EBF13 /* RetailerDetailViewController.swift in Sources */,
				B069D3DA1DCFBC4D004EBF13 /* LocationsViewController.swift in Sources */,
				B083F8851DD03C9800EAE2AC /* RewardDetailViewController.swift in Sources */,
				B0204C271DCE4549009703B2 /* AppDelegate.swift in Sources */,
				B0204C771DCE5620009703B2 /* ReadJSONHelper.swift in Sources */,
				B0204C7F1DCE629C009703B2 /* RealmDatabaseHelper.swift in Sources */,
				B083F8821DD0143000EAE2AC /* OptionTableViewCell.swift in Sources */,
				B069D3C61DCE9855004EBF13 /* CustomSearchBar.swift in Sources */,
				B069D3DC1DCFC6E9004EBF13 /* OfferDetailViewController.swift in Sources */,
				B069D3CB1DCEB8A9004EBF13 /* RetailerTableViewCell.swift in Sources */,
				B0204C7D1DCE5F92009703B2 /* RetailerTranslatorHelper.swift in Sources */,
				B083F87B1DD0009E00EAE2AC /* StringFilter.swift in Sources */,
				B083F87E1DD0141A00EAE2AC /* RewardTableViewCell.swift in Sources */,
				B083F8761DCFEE5900EAE2AC /* Category.swift in Sources */,
			);
			runOnlyForDeploymentPostprocessing = 0;
		};
		B0204C331DCE4549009703B2 /* Sources */ = {
			isa = PBXSourcesBuildPhase;
			buildActionMask = 2147483647;
			files = (
				B0204C3C1DCE4549009703B2 /* couponTests.swift in Sources */,
			);
			runOnlyForDeploymentPostprocessing = 0;
		};
		B0204C3E1DCE4549009703B2 /* Sources */ = {
			isa = PBXSourcesBuildPhase;
			buildActionMask = 2147483647;
			files = (
				B0204C471DCE4549009703B2 /* couponUITests.swift in Sources */,
			);
			runOnlyForDeploymentPostprocessing = 0;
		};
/* End PBXSourcesBuildPhase section */

/* Begin PBXTargetDependency section */
		B0204C391DCE4549009703B2 /* PBXTargetDependency */ = {
			isa = PBXTargetDependency;
			target = B0204C221DCE4549009703B2 /* coupon */;
			targetProxy = B0204C381DCE4549009703B2 /* PBXContainerItemProxy */;
		};
		B0204C441DCE4549009703B2 /* PBXTargetDependency */ = {
			isa = PBXTargetDependency;
			target = B0204C221DCE4549009703B2 /* coupon */;
			targetProxy = B0204C431DCE4549009703B2 /* PBXContainerItemProxy */;
		};
/* End PBXTargetDependency section */

/* Begin PBXVariantGroup section */
		B0204C2A1DCE4549009703B2 /* Main.storyboard */ = {
			isa = PBXVariantGroup;
			children = (
				B0204C2B1DCE4549009703B2 /* Base */,
			);
			name = Main.storyboard;
			sourceTree = "<group>";
		};
		B0204C2F1DCE4549009703B2 /* LaunchScreen.storyboard */ = {
			isa = PBXVariantGroup;
			children = (
				B0204C301DCE4549009703B2 /* Base */,
			);
			name = LaunchScreen.storyboard;
			sourceTree = "<group>";
		};
/* End PBXVariantGroup section */

/* Begin XCBuildConfiguration section */
		B0204C491DCE4549009703B2 /* Debug */ = {
			isa = XCBuildConfiguration;
			buildSettings = {
				ALWAYS_SEARCH_USER_PATHS = NO;
				CLANG_ANALYZER_NONNULL = YES;
				CLANG_CXX_LANGUAGE_STANDARD = "gnu++0x";
				CLANG_CXX_LIBRARY = "libc++";
				CLANG_ENABLE_MODULES = YES;
				CLANG_ENABLE_OBJC_ARC = YES;
				CLANG_WARN_BOOL_CONVERSION = YES;
				CLANG_WARN_CONSTANT_CONVERSION = YES;
				CLANG_WARN_DIRECT_OBJC_ISA_USAGE = YES_ERROR;
				CLANG_WARN_DOCUMENTATION_COMMENTS = YES;
				CLANG_WARN_EMPTY_BODY = YES;
				CLANG_WARN_ENUM_CONVERSION = YES;
				CLANG_WARN_INFINITE_RECURSION = YES;
				CLANG_WARN_INT_CONVERSION = YES;
				CLANG_WARN_OBJC_ROOT_CLASS = YES_ERROR;
				CLANG_WARN_SUSPICIOUS_MOVE = YES;
				CLANG_WARN_SUSPICIOUS_MOVES = YES;
				CLANG_WARN_UNREACHABLE_CODE = YES;
				CLANG_WARN__DUPLICATE_METHOD_MATCH = YES;
				"CODE_SIGN_IDENTITY[sdk=iphoneos*]" = "iPhone Developer";
				COPY_PHASE_STRIP = NO;
				DEBUG_INFORMATION_FORMAT = dwarf;
				ENABLE_STRICT_OBJC_MSGSEND = YES;
				ENABLE_TESTABILITY = YES;
				GCC_C_LANGUAGE_STANDARD = gnu99;
				GCC_DYNAMIC_NO_PIC = NO;
				GCC_NO_COMMON_BLOCKS = YES;
				GCC_OPTIMIZATION_LEVEL = 0;
				GCC_PREPROCESSOR_DEFINITIONS = (
					"DEBUG=1",
					"$(inherited)",
				);
				GCC_WARN_64_TO_32_BIT_CONVERSION = YES;
				GCC_WARN_ABOUT_RETURN_TYPE = YES_ERROR;
				GCC_WARN_UNDECLARED_SELECTOR = YES;
				GCC_WARN_UNINITIALIZED_AUTOS = YES_AGGRESSIVE;
				GCC_WARN_UNUSED_FUNCTION = YES;
				GCC_WARN_UNUSED_VARIABLE = YES;
				IPHONEOS_DEPLOYMENT_TARGET = 10.1;
				MTL_ENABLE_DEBUG_INFO = YES;
				ONLY_ACTIVE_ARCH = YES;
				SDKROOT = iphoneos;
				SWIFT_ACTIVE_COMPILATION_CONDITIONS = DEBUG;
				SWIFT_OPTIMIZATION_LEVEL = "-Onone";
				TARGETED_DEVICE_FAMILY = "1,2";
			};
			name = Debug;
		};
		B0204C4A1DCE4549009703B2 /* Release */ = {
			isa = XCBuildConfiguration;
			buildSettings = {
				ALWAYS_SEARCH_USER_PATHS = NO;
				CLANG_ANALYZER_NONNULL = YES;
				CLANG_CXX_LANGUAGE_STANDARD = "gnu++0x";
				CLANG_CXX_LIBRARY = "libc++";
				CLANG_ENABLE_MODULES = YES;
				CLANG_ENABLE_OBJC_ARC = YES;
				CLANG_WARN_BOOL_CONVERSION = YES;
				CLANG_WARN_CONSTANT_CONVERSION = YES;
				CLANG_WARN_DIRECT_OBJC_ISA_USAGE = YES_ERROR;
				CLANG_WARN_DOCUMENTATION_COMMENTS = YES;
				CLANG_WARN_EMPTY_BODY = YES;
				CLANG_WARN_ENUM_CONVERSION = YES;
				CLANG_WARN_INFINITE_RECURSION = YES;
				CLANG_WARN_INT_CONVERSION = YES;
				CLANG_WARN_OBJC_ROOT_CLASS = YES_ERROR;
				CLANG_WARN_SUSPICIOUS_MOVE = YES;
				CLANG_WARN_SUSPICIOUS_MOVES = YES;
				CLANG_WARN_UNREACHABLE_CODE = YES;
				CLANG_WARN__DUPLICATE_METHOD_MATCH = YES;
				"CODE_SIGN_IDENTITY[sdk=iphoneos*]" = "iPhone Developer";
				COPY_PHASE_STRIP = NO;
				DEBUG_INFORMATION_FORMAT = "dwarf-with-dsym";
				ENABLE_NS_ASSERTIONS = NO;
				ENABLE_STRICT_OBJC_MSGSEND = YES;
				GCC_C_LANGUAGE_STANDARD = gnu99;
				GCC_NO_COMMON_BLOCKS = YES;
				GCC_WARN_64_TO_32_BIT_CONVERSION = YES;
				GCC_WARN_ABOUT_RETURN_TYPE = YES_ERROR;
				GCC_WARN_UNDECLARED_SELECTOR = YES;
				GCC_WARN_UNINITIALIZED_AUTOS = YES_AGGRESSIVE;
				GCC_WARN_UNUSED_FUNCTION = YES;
				GCC_WARN_UNUSED_VARIABLE = YES;
				IPHONEOS_DEPLOYMENT_TARGET = 10.1;
				MTL_ENABLE_DEBUG_INFO = NO;
				SDKROOT = iphoneos;
				SWIFT_OPTIMIZATION_LEVEL = "-Owholemodule";
				TARGETED_DEVICE_FAMILY = "1,2";
				VALIDATE_PRODUCT = YES;
			};
			name = Release;
		};
		B0204C4C1DCE4549009703B2 /* Debug */ = {
			isa = XCBuildConfiguration;
			baseConfigurationReference = 281841F62A0FC696C86110B0 /* Pods-coupon.debug.xcconfig */;
			buildSettings = {
				ALWAYS_EMBED_SWIFT_STANDARD_LIBRARIES = YES;
				ASSETCATALOG_COMPILER_APPICON_NAME = AppIcon;
				DEFINES_MODULE = YES;
				DEVELOPMENT_TEAM = 9L49SS68XP;
				INFOPLIST_FILE = coupon/Info.plist;
				LD_RUNPATH_SEARCH_PATHS = "$(inherited) @executable_path/Frameworks";
				PRODUCT_BUNDLE_IDENTIFIER = com.thexande.coupon;
				PRODUCT_NAME = "$(TARGET_NAME)";
				SWIFT_VERSION = 3.0;
			};
			name = Debug;
		};
		B0204C4D1DCE4549009703B2 /* Release */ = {
			isa = XCBuildConfiguration;
			baseConfigurationReference = FC47DAD94F49C0724506AF9E /* Pods-coupon.release.xcconfig */;
			buildSettings = {
				ALWAYS_EMBED_SWIFT_STANDARD_LIBRARIES = YES;
				ASSETCATALOG_COMPILER_APPICON_NAME = AppIcon;
				DEFINES_MODULE = YES;
				DEVELOPMENT_TEAM = 9L49SS68XP;
				INFOPLIST_FILE = coupon/Info.plist;
				LD_RUNPATH_SEARCH_PATHS = "$(inherited) @executable_path/Frameworks";
				PRODUCT_BUNDLE_IDENTIFIER = com.thexande.coupon;
				PRODUCT_NAME = "$(TARGET_NAME)";
				SWIFT_VERSION = 3.0;
			};
			name = Release;
		};
		B0204C4F1DCE4549009703B2 /* Debug */ = {
			isa = XCBuildConfiguration;
			baseConfigurationReference = A3DCDAC00133C54DF1962F3E /* Pods-couponTests.debug.xcconfig */;
			buildSettings = {
				ALWAYS_EMBED_SWIFT_STANDARD_LIBRARIES = YES;
				BUNDLE_LOADER = "$(TEST_HOST)";
				DEVELOPMENT_TEAM = 9L49SS68XP;
				INFOPLIST_FILE = couponTests/Info.plist;
				LD_RUNPATH_SEARCH_PATHS = "$(inherited) @executable_path/Frameworks @loader_path/Frameworks";
				PRODUCT_BUNDLE_IDENTIFIER = com.thexande.couponTests;
				PRODUCT_NAME = "$(TARGET_NAME)";
				SWIFT_VERSION = 3.0;
				TEST_HOST = "$(BUILT_PRODUCTS_DIR)/coupon.app/coupon";
			};
			name = Debug;
		};
		B0204C501DCE4549009703B2 /* Release */ = {
			isa = XCBuildConfiguration;
			baseConfigurationReference = F9E68CE6763F35ED723C6A88 /* Pods-couponTests.release.xcconfig */;
			buildSettings = {
				ALWAYS_EMBED_SWIFT_STANDARD_LIBRARIES = YES;
				BUNDLE_LOADER = "$(TEST_HOST)";
				DEVELOPMENT_TEAM = 9L49SS68XP;
				INFOPLIST_FILE = couponTests/Info.plist;
				LD_RUNPATH_SEARCH_PATHS = "$(inherited) @executable_path/Frameworks @loader_path/Frameworks";
				PRODUCT_BUNDLE_IDENTIFIER = com.thexande.couponTests;
				PRODUCT_NAME = "$(TARGET_NAME)";
				SWIFT_VERSION = 3.0;
				TEST_HOST = "$(BUILT_PRODUCTS_DIR)/coupon.app/coupon";
			};
			name = Release;
		};
		B0204C521DCE4549009703B2 /* Debug */ = {
			isa = XCBuildConfiguration;
			baseConfigurationReference = 4525102E986FF694806932FE /* Pods-couponUITests.debug.xcconfig */;
			buildSettings = {
				ALWAYS_EMBED_SWIFT_STANDARD_LIBRARIES = YES;
				DEVELOPMENT_TEAM = 9L49SS68XP;
				INFOPLIST_FILE = couponUITests/Info.plist;
				LD_RUNPATH_SEARCH_PATHS = "$(inherited) @executable_path/Frameworks @loader_path/Frameworks";
				PRODUCT_BUNDLE_IDENTIFIER = com.thexande.couponUITests;
				PRODUCT_NAME = "$(TARGET_NAME)";
				SWIFT_VERSION = 3.0;
				TEST_TARGET_NAME = coupon;
			};
			name = Debug;
		};
		B0204C531DCE4549009703B2 /* Release */ = {
			isa = XCBuildConfiguration;
			baseConfigurationReference = D9DA6F54115467ABF7554BBA /* Pods-couponUITests.release.xcconfig */;
			buildSettings = {
				ALWAYS_EMBED_SWIFT_STANDARD_LIBRARIES = YES;
				DEVELOPMENT_TEAM = 9L49SS68XP;
				INFOPLIST_FILE = couponUITests/Info.plist;
				LD_RUNPATH_SEARCH_PATHS = "$(inherited) @executable_path/Frameworks @loader_path/Frameworks";
				PRODUCT_BUNDLE_IDENTIFIER = com.thexande.couponUITests;
				PRODUCT_NAME = "$(TARGET_NAME)";
				SWIFT_VERSION = 3.0;
				TEST_TARGET_NAME = coupon;
			};
			name = Release;
		};
/* End XCBuildConfiguration section */

/* Begin XCConfigurationList section */
		B0204C1E1DCE4549009703B2 /* Build configuration list for PBXProject "coupon" */ = {
			isa = XCConfigurationList;
			buildConfigurations = (
				B0204C491DCE4549009703B2 /* Debug */,
				B0204C4A1DCE4549009703B2 /* Release */,
			);
			defaultConfigurationIsVisible = 0;
			defaultConfigurationName = Release;
		};
		B0204C4B1DCE4549009703B2 /* Build configuration list for PBXNativeTarget "coupon" */ = {
			isa = XCConfigurationList;
			buildConfigurations = (
				B0204C4C1DCE4549009703B2 /* Debug */,
				B0204C4D1DCE4549009703B2 /* Release */,
			);
			defaultConfigurationIsVisible = 0;
			defaultConfigurationName = Release;
		};
		B0204C4E1DCE4549009703B2 /* Build configuration list for PBXNativeTarget "couponTests" */ = {
			isa = XCConfigurationList;
			buildConfigurations = (
				B0204C4F1DCE4549009703B2 /* Debug */,
				B0204C501DCE4549009703B2 /* Release */,
			);
			defaultConfigurationIsVisible = 0;
			defaultConfigurationName = Release;
		};
		B0204C511DCE4549009703B2 /* Build configuration list for PBXNativeTarget "couponUITests" */ = {
			isa = XCConfigurationList;
			buildConfigurations = (
				B0204C521DCE4549009703B2 /* Debug */,
				B0204C531DCE4549009703B2 /* Release */,
			);
			defaultConfigurationIsVisible = 0;
			defaultConfigurationName = Release;
		};
/* End XCConfigurationList section */
	};
	rootObject = B0204C1B1DCE4549009703B2 /* Project object */;
}
